<?xml version="1.0" encoding="utf-8"?>
<Project ToolsVersion="4.0" xmlns="http://schemas.microsoft.com/developer/msbuild/2003">
  <ItemGroup>
    <ClCompile Include="als.cpp" />
    <ClCompile Include="assets.cpp" />
  </ItemGroup>
  <ItemGroup>
    <ClInclude Include="als.hpp" />
    <ClInclude Include="assets.hpp" />
  </ItemGroup>
  <ItemGroup>
    <None Include="assets.yml" />
    <None Include="metadata.yml" />
  </ItemGroup>
</Project>